
Microsoft Visual Studio Solution File, Format Version 12.00
# Visual Studio 2013
VisualStudioVersion = 12.0.21005.1
MinimumVisualStudioVersion = 10.0.40219.1
Project("{FAE04EC0-301F-11D3-BF4B-00C04F79EFBC}") = "View", "View\View.csproj", "{D351DA2A-C83D-467A-BF67-D3BB36FAEBC9}"
EndProject
Project("{FAE04EC0-301F-11D3-BF4B-00C04F79EFBC}") = "Model", "Model\Model.csproj", "{55B5F3A9-497C-45D6-BC2E-480CD77773FC}"
EndProject
Project("{FAE04EC0-301F-11D3-BF4B-00C04F79EFBC}") = "ViewModel", "ViewModel\ViewModel.csproj", "{FCF930ED-3ECB-45F7-AE6C-E5E6A1A0F3AB}"
EndProject
Global
	GlobalSection(SolutionConfigurationPlatforms) = preSolution
		Debug|Any CPU = Debug|Any CPU
		Release|Any CPU = Release|Any CPU
	EndGlobalSection
	GlobalSection(ProjectConfigurationPlatforms) = postSolution
		{D351DA2A-C83D-467A-BF67-D3BB36FAEBC9}.Debug|Any CPU.ActiveCfg = Debug|Any CPU
		{D351DA2A-C83D-467A-BF67-D3BB36FAEBC9}.Debug|Any CPU.Build.0 = Debug|Any CPU
		{D351DA2A-C83D-467A-BF67-D3BB36FAEBC9}.Release|Any CPU.ActiveCfg = Release|Any CPU
		{D351DA2A-C83D-467A-BF67-D3BB36FAEBC9}.Release|Any CPU.Build.0 = Release|Any CPU
		{55B5F3A9-497C-45D6-BC2E-480CD77773FC}.Debug|Any CPU.ActiveCfg = Debug|Any CPU
		{55B5F3A9-497C-45D6-BC2E-480CD77773FC}.Debug|Any CPU.Build.0 = Debug|Any CPU
		{55B5F3A9-497C-45D6-BC2E-480CD77773FC}.Release|Any CPU.ActiveCfg = Release|Any CPU
		{55B5F3A9-497C-45D6-BC2E-480CD77773FC}.Release|Any CPU.Build.0 = Release|Any CPU
		{FCF930ED-3ECB-45F7-AE6C-E5E6A1A0F3AB}.Debug|Any CPU.ActiveCfg = Debug|Any CPU
		{FCF930ED-3ECB-45F7-AE6C-E5E6A1A0F3AB}.Debug|Any CPU.Build.0 = Debug|Any CPU
		{FCF930ED-3ECB-45F7-AE6C-E5E6A1A0F3AB}.Release|Any CPU.ActiveCfg = Release|Any CPU
		{FCF930ED-3ECB-45F7-AE6C-E5E6A1A0F3AB}.Release|Any CPU.Build.0 = Release|Any CPU
	EndGlobalSection
	GlobalSection(SolutionProperties) = preSolution
		HideSolutionNode = FALSE
	EndGlobalSection
EndGlobal
